
Microsoft Visual Studio Solution File, Format Version 12.00
# Visual Studio 14
VisualStudioVersion = 14.0.23107.0
MinimumVisualStudioVersion = 10.0.40219.1
Project("{FAE04EC0-301F-11D3-BF4B-00C04F79EFBC}") = "IFCExporter", "IFCExporter\IFCExporter.csproj", "{C5C71AC0-4946-429D-A1A4-0943E6D0C47D}"
EndProject
Project("{FAE04EC0-301F-11D3-BF4B-00C04F79EFBC}") = "IFCExporterTest", "IFCExporterTest\IFCExporterTest.csproj", "{1CE30634-DF86-4D16-99F1-E119982D9D92}"
EndProject
Project("{FAE04EC0-301F-11D3-BF4B-00C04F79EFBC}") = "IFCMonitor", "IFCManager\IFCMonitor.csproj", "{3E09CF59-502F-451F-9451-43A17FD0CC23}"
EndProject
Project("{FAE04EC0-301F-11D3-BF4B-00C04F79EFBC}") = "IFCExporterWindows", "IFCExporterWindows\IFCExporterWindows.csproj", "{9930AC57-A890-405F-9154-0C378E5E2DC5}"
EndProject
Project("{FAE04EC0-301F-11D3-BF4B-00C04F79EFBC}") = "IFCExporterAPI", "IFCExporterAPI\IFCExporterAPI.csproj", "{6E194667-CC15-4ECC-BFE2-732DF77E8977}"
EndProject
Project("{FAE04EC0-301F-11D3-BF4B-00C04F79EFBC}") = "IFCExporterApplication", "IFCExporterApplication\IFCExporterApplication.csproj", "{ECD6B2CB-1947-44C2-99C7-D3B288656EDE}"
EndProject
Global
	GlobalSection(SolutionConfigurationPlatforms) = preSolution
		Debug|Any CPU = Debug|Any CPU
		Release|Any CPU = Release|Any CPU
	EndGlobalSection
	GlobalSection(ProjectConfigurationPlatforms) = postSolution
		{C5C71AC0-4946-429D-A1A4-0943E6D0C47D}.Debug|Any CPU.ActiveCfg = Debug|Any CPU
		{C5C71AC0-4946-429D-A1A4-0943E6D0C47D}.Debug|Any CPU.Build.0 = Debug|Any CPU
		{C5C71AC0-4946-429D-A1A4-0943E6D0C47D}.Release|Any CPU.ActiveCfg = Release|Any CPU
		{C5C71AC0-4946-429D-A1A4-0943E6D0C47D}.Release|Any CPU.Build.0 = Release|Any CPU
		{1CE30634-DF86-4D16-99F1-E119982D9D92}.Debug|Any CPU.ActiveCfg = Debug|Any CPU
		{1CE30634-DF86-4D16-99F1-E119982D9D92}.Debug|Any CPU.Build.0 = Debug|Any CPU
		{1CE30634-DF86-4D16-99F1-E119982D9D92}.Release|Any CPU.ActiveCfg = Release|Any CPU
		{1CE30634-DF86-4D16-99F1-E119982D9D92}.Release|Any CPU.Build.0 = Release|Any CPU
		{3E09CF59-502F-451F-9451-43A17FD0CC23}.Debug|Any CPU.ActiveCfg = Debug|Any CPU
		{3E09CF59-502F-451F-9451-43A17FD0CC23}.Debug|Any CPU.Build.0 = Debug|Any CPU
		{3E09CF59-502F-451F-9451-43A17FD0CC23}.Release|Any CPU.ActiveCfg = Release|Any CPU
		{3E09CF59-502F-451F-9451-43A17FD0CC23}.Release|Any CPU.Build.0 = Release|Any CPU
		{9930AC57-A890-405F-9154-0C378E5E2DC5}.Debug|Any CPU.ActiveCfg = Debug|Any CPU
		{9930AC57-A890-405F-9154-0C378E5E2DC5}.Debug|Any CPU.Build.0 = Debug|Any CPU
		{9930AC57-A890-405F-9154-0C378E5E2DC5}.Release|Any CPU.ActiveCfg = Release|Any CPU
		{9930AC57-A890-405F-9154-0C378E5E2DC5}.Release|Any CPU.Build.0 = Release|Any CPU
		{6E194667-CC15-4ECC-BFE2-732DF77E8977}.Debug|Any CPU.ActiveCfg = Debug|Any CPU
		{6E194667-CC15-4ECC-BFE2-732DF77E8977}.Debug|Any CPU.Build.0 = Debug|Any CPU
		{6E194667-CC15-4ECC-BFE2-732DF77E8977}.Release|Any CPU.ActiveCfg = Release|Any CPU
		{6E194667-CC15-4ECC-BFE2-732DF77E8977}.Release|Any CPU.Build.0 = Release|Any CPU
		{ECD6B2CB-1947-44C2-99C7-D3B288656EDE}.Debug|Any CPU.ActiveCfg = Debug|Any CPU
		{ECD6B2CB-1947-44C2-99C7-D3B288656EDE}.Debug|Any CPU.Build.0 = Debug|Any CPU
		{ECD6B2CB-1947-44C2-99C7-D3B288656EDE}.Release|Any CPU.ActiveCfg = Release|Any CPU
		{ECD6B2CB-1947-44C2-99C7-D3B288656EDE}.Release|Any CPU.Build.0 = Release|Any CPU
	EndGlobalSection
	GlobalSection(SolutionProperties) = preSolution
		HideSolutionNode = FALSE
	EndGlobalSection
EndGlobal
